// !$*UTF8*$!
{
	archiveVersion = 1;
	classes = {
	};
	objectVersion = 50;
	objects = {

/* Begin PBXBuildFile section */
		66677EFD2394026A00D247F9 /* AppDelegate.swift in Sources */ = {isa = PBXBuildFile; fileRef = 66677EFC2394026A00D247F9 /* AppDelegate.swift */; };
		66677EFF2394026A00D247F9 /* SceneDelegate.swift in Sources */ = {isa = PBXBuildFile; fileRef = 66677EFE2394026A00D247F9 /* SceneDelegate.swift */; };
		66677F012394026A00D247F9 /* ViewController.swift in Sources */ = {isa = PBXBuildFile; fileRef = 66677F002394026A00D247F9 /* ViewController.swift */; };
		66677F042394026A00D247F9 /* Main.storyboard in Resources */ = {isa = PBXBuildFile; fileRef = 66677F022394026A00D247F9 /* Main.storyboard */; };
		66677F062394026C00D247F9 /* Assets.xcassets in Resources */ = {isa = PBXBuildFile; fileRef = 66677F052394026C00D247F9 /* Assets.xcassets */; };
		66677F092394026C00D247F9 /* LaunchScreen.storyboard in Resources */ = {isa = PBXBuildFile; fileRef = 66677F072394026C00D247F9 /* LaunchScreen.storyboard */; };
		66677F122394033A00D247F9 /* RangeSlider.swift in Sources */ = {isa = PBXBuildFile; fileRef = 66677F112394033A00D247F9 /* RangeSlider.swift */; };
		66677F19239441DD00D247F9 /* UIView.swift in Sources */ = {isa = PBXBuildFile; fileRef = 66677F18239441DD00D247F9 /* UIView.swift */; };
/* End PBXBuildFile section */

/* Begin PBXFileReference section */
		66677EF92394026A00D247F9 /* MMRangeSlider.app */ = {isa = PBXFileReference; explicitFileType = wrapper.application; includeInIndex = 0; path = MMRangeSlider.app; sourceTree = BUILT_PRODUCTS_DIR; };
		66677EFC2394026A00D247F9 /* AppDelegate.swift */ = {isa = PBXFileReference; lastKnownFileType = sourcecode.swift; path = AppDelegate.swift; sourceTree = "<group>"; };
		66677EFE2394026A00D247F9 /* SceneDelegate.swift */ = {isa = PBXFileReference; lastKnownFileType = sourcecode.swift; path = SceneDelegate.swift; sourceTree = "<group>"; };
		66677F002394026A00D247F9 /* ViewController.swift */ = {isa = PBXFileReference; lastKnownFileType = sourcecode.swift; path = ViewController.swift; sourceTree = "<group>"; };
		66677F032394026A00D247F9 /* Base */ = {isa = PBXFileReference; lastKnownFileType = file.storyboard; name = Base; path = Base.lproj/Main.storyboard; sourceTree = "<group>"; };
		66677F052394026C00D247F9 /* Assets.xcassets */ = {isa = PBXFileReference; lastKnownFileType = folder.assetcatalog; path = Assets.xcassets; sourceTree = "<group>"; };
		66677F082394026C00D247F9 /* Base */ = {isa = PBXFileReference; lastKnownFileType = file.storyboard; name = Base; path = Base.lproj/LaunchScreen.storyboard; sourceTree = "<group>"; };
		66677F0A2394026C00D247F9 /* Info.plist */ = {isa = PBXFileReference; lastKnownFileType = text.plist.xml; path = Info.plist; sourceTree = "<group>"; };
		66677F112394033A00D247F9 /* RangeSlider.swift */ = {isa = PBXFileReference; lastKnownFileType = sourcecode.swift; path = RangeSlider.swift; sourceTree = "<group>"; };
		66677F18239441DD00D247F9 /* UIView.swift */ = {isa = PBXFileReference; lastKnownFileType = sourcecode.swift; path = UIView.swift; sourceTree = "<group>"; };
/* End PBXFileReference section */

/* Begin PBXFrameworksBuildPhase section */
		66677EF62394026A00D247F9 /* Frameworks */ = {
			isa = PBXFrameworksBuildPhase;
			buildActionMask = 2147483647;
			files = (
			);
			runOnlyForDeploymentPostprocessing = 0;
		};
/* End PBXFrameworksBuildPhase section */

/* Begin PBXGroup section */
		66677EF02394026A00D247F9 = {
			isa = PBXGroup;
			children = (
				66677EFB2394026A00D247F9 /* MMRangeSlider */,
				66677EFA2394026A00D247F9 /* Products */,
			);
			sourceTree = "<group>";
		};
		66677EFA2394026A00D247F9 /* Products */ = {
			isa = PBXGroup;
			children = (
				66677EF92394026A00D247F9 /* MMRangeSlider.app */,
			);
			name = Products;
			sourceTree = "<group>";
		};
		66677EFB2394026A00D247F9 /* MMRangeSlider */ = {
			isa = PBXGroup;
			children = (
				66677EFC2394026A00D247F9 /* AppDelegate.swift */,
				66677EFE2394026A00D247F9 /* SceneDelegate.swift */,
				66677F002394026A00D247F9 /* ViewController.swift */,
				66677F022394026A00D247F9 /* Main.storyboard */,
				66677F052394026C00D247F9 /* Assets.xcassets */,
				66677F072394026C00D247F9 /* LaunchScreen.storyboard */,
				66677F0A2394026C00D247F9 /* Info.plist */,
				66677F102394031E00D247F9 /* Slider */,
			);
			path = MMRangeSlider;
			sourceTree = "<group>";
		};
		66677F102394031E00D247F9 /* Slider */ = {
			isa = PBXGroup;
			children = (
				66677F112394033A00D247F9 /* RangeSlider.swift */,
				66677F17239441CF00D247F9 /* Extensions */,
			);
			path = Slider;
			sourceTree = "<group>";
		};
		66677F17239441CF00D247F9 /* Extensions */ = {
			isa = PBXGroup;
			children = (
				66677F18239441DD00D247F9 /* UIView.swift */,
			);
			path = Extensions;
			sourceTree = "<group>";
		};
/* End PBXGroup section */

/* Begin PBXNativeTarget section */
		66677EF82394026A00D247F9 /* MMRangeSlider */ = {
			isa = PBXNativeTarget;
			buildConfigurationList = 66677F0D2394026C00D247F9 /* Build configuration list for PBXNativeTarget "MMRangeSlider" */;
			buildPhases = (
				66677EF52394026A00D247F9 /* Sources */,
				66677EF62394026A00D247F9 /* Frameworks */,
				66677EF72394026A00D247F9 /* Resources */,
			);
			buildRules = (
			);
			dependencies = (
			);
			name = MMRangeSlider;
			productName = MMRangeSlider;
			productReference = 66677EF92394026A00D247F9 /* MMRangeSlider.app */;
			productType = "com.apple.product-type.application";
		};
/* End PBXNativeTarget section */

/* Begin PBXProject section */
		66677EF12394026A00D247F9 /* Project object */ = {
			isa = PBXProject;
			attributes = {
				LastSwiftUpdateCheck = 1120;
				LastUpgradeCheck = 1120;
				ORGANIZATIONNAME = "Mikael Melkonyan";
				TargetAttributes = {
					66677EF82394026A00D247F9 = {
						CreatedOnToolsVersion = 11.2.1;
					};
				};
			};
			buildConfigurationList = 66677EF42394026A00D247F9 /* Build configuration list for PBXProject "MMRangeSlider" */;
			compatibilityVersion = "Xcode 9.3";
			developmentRegion = en;
			hasScannedForEncodings = 0;
			knownRegions = (
				en,
				Base,
			);
			mainGroup = 66677EF02394026A00D247F9;
			productRefGroup = 66677EFA2394026A00D247F9 /* Products */;
			projectDirPath = "";
			projectRoot = "";
			targets = (
				66677EF82394026A00D247F9 /* MMRangeSlider */,
			);
		};
/* End PBXProject section */

/* Begin PBXResourcesBuildPhase section */
		66677EF72394026A00D247F9 /* Resources */ = {
			isa = PBXResourcesBuildPhase;
			buildActionMask = 2147483647;
			files = (
				66677F092394026C00D247F9 /* LaunchScreen.storyboard in Resources */,
				66677F062394026C00D247F9 /* Assets.xcassets in Resources */,
				66677F042394026A00D247F9 /* Main.storyboard in Resources */,
			);
			runOnlyForDeploymentPostprocessing = 0;
		};
/* End PBXResourcesBuildPhase section */

/* Begin PBXSourcesBuildPhase section */
		66677EF52394026A00D247F9 /* Sources */ = {
			isa = PBXSourcesBuildPhase;
			buildActionMask = 2147483647;
			files = (
				66677F19239441DD00D247F9 /* UIView.swift in Sources */,
				66677F122394033A00D247F9 /* RangeSlider.swift in Sources */,
				66677F012394026A00D247F9 /* ViewController.swift in Sources */,
				66677EFD2394026A00D247F9 /* AppDelegate.swift in Sources */,
				66677EFF2394026A00D247F9 /* SceneDelegate.swift in Sources */,
			);
			runOnlyForDeploymentPostprocessing = 0;
		};
/* End PBXSourcesBuildPhase section */

/* Begin PBXVariantGroup section */
		66677F022394026A00D247F9 /* Main.storyboard */ = {
			isa = PBXVariantGroup;
			children = (
				66677F032394026A00D247F9 /* Base */,
			);
			name = Main.storyboard;
			sourceTree = "<group>";
		};
		66677F072394026C00D247F9 /* LaunchScreen.storyboard */ = {
			isa = PBXVariantGroup;
			children = (
				66677F082394026C00D247F9 /* Base */,
			);
			name = LaunchScreen.storyboard;
			sourceTree = "<group>";
		};
/* End PBXVariantGroup section */

/* Begin XCBuildConfiguration section */
		66677F0B2394026C00D247F9 /* Debug */ = {
			isa = XCBuildConfiguration;
			buildSettings = {
				ALWAYS_SEARCH_USER_PATHS = NO;
				CLANG_ANALYZER_NONNULL = YES;
				CLANG_ANALYZER_NUMBER_OBJECT_CONVERSION = YES_AGGRESSIVE;
				CLANG_CXX_LANGUAGE_STANDARD = "gnu++14";
				CLANG_CXX_LIBRARY = "libc++";
				CLANG_ENABLE_MODULES = YES;
				CLANG_ENABLE_OBJC_ARC = YES;
				CLANG_ENABLE_OBJC_WEAK = YES;
				CLANG_WARN_BLOCK_CAPTURE_AUTORELEASING = YES;
				CLANG_WARN_BOOL_CONVERSION = YES;
				CLANG_WARN_COMMA = YES;
				CLANG_WARN_CONSTANT_CONVERSION = YES;
				CLANG_WARN_DEPRECATED_OBJC_IMPLEMENTATIONS = YES;
				CLANG_WARN_DIRECT_OBJC_ISA_USAGE = YES_ERROR;
				CLANG_WARN_DOCUMENTATION_COMMENTS = YES;
				CLANG_WARN_EMPTY_BODY = YES;
				CLANG_WARN_ENUM_CONVERSION = YES;
				CLANG_WARN_INFINITE_RECURSION = YES;
				CLANG_WARN_INT_CONVERSION = YES;
				CLANG_WARN_NON_LITERAL_NULL_CONVERSION = YES;
				CLANG_WARN_OBJC_IMPLICIT_RETAIN_SELF = YES;
				CLANG_WARN_OBJC_LITERAL_CONVERSION = YES;
				CLANG_WARN_OBJC_ROOT_CLASS = YES_ERROR;
				CLANG_WARN_RANGE_LOOP_ANALYSIS = YES;
				CLANG_WARN_STRICT_PROTOTYPES = YES;
				CLANG_WARN_SUSPICIOUS_MOVE = YES;
				CLANG_WARN_UNGUARDED_AVAILABILITY = YES_AGGRESSIVE;
				CLANG_WARN_UNREACHABLE_CODE = YES;
				CLANG_WARN__DUPLICATE_METHOD_MATCH = YES;
				COPY_PHASE_STRIP = NO;
				DEBUG_INFORMATION_FORMAT = dwarf;
				ENABLE_STRICT_OBJC_MSGSEND = YES;
				ENABLE_TESTABILITY = YES;
				GCC_C_LANGUAGE_STANDARD = gnu11;
				GCC_DYNAMIC_NO_PIC = NO;
				GCC_NO_COMMON_BLOCKS = YES;
				GCC_OPTIMIZATION_LEVEL = 0;
				GCC_PREPROCESSOR_DEFINITIONS = (
					"DEBUG=1",
					"$(inherited)",
				);
				GCC_WARN_64_TO_32_BIT_CONVERSION = YES;
				GCC_WARN_ABOUT_RETURN_TYPE = YES_ERROR;
				GCC_WARN_UNDECLARED_SELECTOR = YES;
				GCC_WARN_UNINITIALIZED_AUTOS = YES_AGGRESSIVE;
				GCC_WARN_UNUSED_FUNCTION = YES;
				GCC_WARN_UNUSED_VARIABLE = YES;
				IPHONEOS_DEPLOYMENT_TARGET = 13.2;
				MTL_ENABLE_DEBUG_INFO = INCLUDE_SOURCE;
				MTL_FAST_MATH = YES;
				ONLY_ACTIVE_ARCH = YES;
				SDKROOT = iphoneos;
				SWIFT_ACTIVE_COMPILATION_CONDITIONS = DEBUG;
				SWIFT_OPTIMIZATION_LEVEL = "-Onone";
			};
			name = Debug;
		};
		66677F0C2394026C00D247F9 /* Release */ = {
			isa = XCBuildConfiguration;
			buildSettings = {
				ALWAYS_SEARCH_USER_PATHS = NO;
				CLANG_ANALYZER_NONNULL = YES;
				CLANG_ANALYZER_NUMBER_OBJECT_CONVERSION = YES_AGGRESSIVE;
				CLANG_CXX_LANGUAGE_STANDARD = "gnu++14";
				CLANG_CXX_LIBRARY = "libc++";
				CLANG_ENABLE_MODULES = YES;
				CLANG_ENABLE_OBJC_ARC = YES;
				CLANG_ENABLE_OBJC_WEAK = YES;
				CLANG_WARN_BLOCK_CAPTURE_AUTORELEASING = YES;
				CLANG_WARN_BOOL_CONVERSION = YES;
				CLANG_WARN_COMMA = YES;
				CLANG_WARN_CONSTANT_CONVERSION = YES;
				CLANG_WARN_DEPRECATED_OBJC_IMPLEMENTATIONS = YES;
				CLANG_WARN_DIRECT_OBJC_ISA_USAGE = YES_ERROR;
				CLANG_WARN_DOCUMENTATION_COMMENTS = YES;
				CLANG_WARN_EMPTY_BODY = YES;
				CLANG_WARN_ENUM_CONVERSION = YES;
				CLANG_WARN_INFINITE_RECURSION = YES;
				CLANG_WARN_INT_CONVERSION = YES;
				CLANG_WARN_NON_LITERAL_NULL_CONVERSION = YES;
				CLANG_WARN_OBJC_IMPLICIT_RETAIN_SELF = YES;
				CLANG_WARN_OBJC_LITERAL_CONVERSION = YES;
				CLANG_WARN_OBJC_ROOT_CLASS = YES_ERROR;
				CLANG_WARN_RANGE_LOOP_ANALYSIS = YES;
				CLANG_WARN_STRICT_PROTOTYPES = YES;
				CLANG_WARN_SUSPICIOUS_MOVE = YES;
				CLANG_WARN_UNGUARDED_AVAILABILITY = YES_AGGRESSIVE;
				CLANG_WARN_UNREACHABLE_CODE = YES;
				CLANG_WARN__DUPLICATE_METHOD_MATCH = YES;
				COPY_PHASE_STRIP = NO;
				DEBUG_INFORMATION_FORMAT = "dwarf-with-dsym";
				ENABLE_NS_ASSERTIONS = NO;
				ENABLE_STRICT_OBJC_MSGSEND = YES;
				GCC_C_LANGUAGE_STANDARD = gnu11;
				GCC_NO_COMMON_BLOCKS = YES;
				GCC_WARN_64_TO_32_BIT_CONVERSION = YES;
				GCC_WARN_ABOUT_RETURN_TYPE = YES_ERROR;
				GCC_WARN_UNDECLARED_SELECTOR = YES;
				GCC_WARN_UNINITIALIZED_AUTOS = YES_AGGRESSIVE;
				GCC_WARN_UNUSED_FUNCTION = YES;
				GCC_WARN_UNUSED_VARIABLE = YES;
				IPHONEOS_DEPLOYMENT_TARGET = 13.2;
				MTL_ENABLE_DEBUG_INFO = NO;
				MTL_FAST_MATH = YES;
				SDKROOT = iphoneos;
				SWIFT_COMPILATION_MODE = wholemodule;
				SWIFT_OPTIMIZATION_LEVEL = "-O";
				VALIDATE_PRODUCT = YES;
			};
			name = Release;
		};
		66677F0E2394026C00D247F9 /* Debug */ = {
			isa = XCBuildConfiguration;
			buildSettings = {
				ASSETCATALOG_COMPILER_APPICON_NAME = AppIcon;
				CODE_SIGN_STYLE = Automatic;
				INFOPLIST_FILE = MMRangeSlider/Info.plist;
				LD_RUNPATH_SEARCH_PATHS = (
					"$(inherited)",
					"@executable_path/Frameworks",
				);
				PRODUCT_BUNDLE_IDENTIFIER = Melkonyan.Mikael.MMRangeSlider;
				PRODUCT_NAME = "$(TARGET_NAME)";
				SWIFT_VERSION = 5.0;
				TARGETED_DEVICE_FAMILY = "1,2";
			};
			name = Debug;
		};
		66677F0F2394026C00D247F9 /* Release */ = {
			isa = XCBuildConfiguration;
			buildSettings = {
				ASSETCATALOG_COMPILER_APPICON_NAME = AppIcon;
				CODE_SIGN_STYLE = Automatic;
				INFOPLIST_FILE = MMRangeSlider/Info.plist;
				LD_RUNPATH_SEARCH_PATHS = (
					"$(inherited)",
					"@executable_path/Frameworks",
				);
				PRODUCT_BUNDLE_IDENTIFIER = Melkonyan.Mikael.MMRangeSlider;
				PRODUCT_NAME = "$(TARGET_NAME)";
				SWIFT_VERSION = 5.0;
				TARGETED_DEVICE_FAMILY = "1,2";
			};
			name = Release;
		};
/* End XCBuildConfiguration section */

/* Begin XCConfigurationList section */
		66677EF42394026A00D247F9 /* Build configuration list for PBXProject "MMRangeSlider" */ = {
			isa = XCConfigurationList;
			buildConfigurations = (
				66677F0B2394026C00D247F9 /* Debug */,
				66677F0C2394026C00D247F9 /* Release */,
			);
			defaultConfigurationIsVisible = 0;
			defaultConfigurationName = Release;
		};
		66677F0D2394026C00D247F9 /* Build configuration list for PBXNativeTarget "MMRangeSlider" */ = {
			isa = XCConfigurationList;
			buildConfigurations = (
				66677F0E2394026C00D247F9 /* Debug */,
				66677F0F2394026C00D247F9 /* Release */,
			);
			defaultConfigurationIsVisible = 0;
			defaultConfigurationName = Release;
		};
/* End XCConfigurationList section */
	};
	rootObject = 66677EF12394026A00D247F9 /* Project object */;
}
